
Microsoft Visual Studio Solution File, Format Version 12.00
# Visual Studio 15
VisualStudioVersion = 15.0.28307.960
MinimumVisualStudioVersion = 10.0.40219.1
Project("{FAE04EC0-301F-11D3-BF4B-00C04F79EFBC}") = "MipaCompiler", "MipaCompiler\MipaCompiler.csproj", "{D04BDC18-F170-49DA-9124-5940C82ED661}"
EndProject
Global
	GlobalSection(SolutionConfigurationPlatforms) = preSolution
		Debug|Any CPU = Debug|Any CPU
		Release|Any CPU = Release|Any CPU
	EndGlobalSection
	GlobalSection(ProjectConfigurationPlatforms) = postSolution
		{D04BDC18-F170-49DA-9124-5940C82ED661}.Debug|Any CPU.ActiveCfg = Debug|Any CPU
		{D04BDC18-F170-49DA-9124-5940C82ED661}.Debug|Any CPU.Build.0 = Debug|Any CPU
		{D04BDC18-F170-49DA-9124-5940C82ED661}.Release|Any CPU.ActiveCfg = Release|Any CPU
		{D04BDC18-F170-49DA-9124-5940C82ED661}.Release|Any CPU.Build.0 = Release|Any CPU
	EndGlobalSection
	GlobalSection(SolutionProperties) = preSolution
		HideSolutionNode = FALSE
	EndGlobalSection
	GlobalSection(ExtensibilityGlobals) = postSolution
		SolutionGuid = {40417EA6-B174-4134-9387-60CCC51E74B6}
	EndGlobalSection
EndGlobal
